
Microsoft Visual Studio Solution File, Format Version 12.00
# Visual Studio Version 17
VisualStudioVersion = 17.14.36202.13
MinimumVisualStudioVersion = 10.0.40219.1
Project("{FAE04EC0-301F-11D3-BF4B-00C04F79EFBC}") = "GenxAi_Solutions", "GenxAi_Solutions\GenxAi_Solutions.csproj", "{CC2E804C-9C4E-4A39-A7DB-9168739DEAAA}"
EndProject
Project("{FAE04EC0-301F-11D3-BF4B-00C04F79EFBC}") = "DAL", "DAL\DAL.csproj", "{C18EE6FA-8B83-4039-BBCA-30C4DB6C5CAE}"
EndProject
Project("{FAE04EC0-301F-11D3-BF4B-00C04F79EFBC}") = "BAL", "BAL\BAL.csproj", "{53569804-8138-4C13-B113-7C5E1BD4582E}"
EndProject
Project("{FAE04EC0-301F-11D3-BF4B-00C04F79EFBC}") = "BOL", "BOL\BOL.csproj", "{DFD9994B-5663-4982-BB85-60DA873215CA}"
EndProject
Project("{FAE04EC0-301F-11D3-BF4B-00C04F79EFBC}") = "GenxAi_Solutions_V1", "GenxAi_Solutions_V1\GenxAi_Solutions_V1.csproj", "{B3E3ED0A-0CD7-DAA2-E99C-2FC8C4915BEC}"
EndProject
Global
	GlobalSection(SolutionConfigurationPlatforms) = preSolution
		Debug|Any CPU = Debug|Any CPU
		Release|Any CPU = Release|Any CPU
	EndGlobalSection
	GlobalSection(ProjectConfigurationPlatforms) = postSolution
		{CC2E804C-9C4E-4A39-A7DB-9168739DEAAA}.Debug|Any CPU.ActiveCfg = Debug|Any CPU
		{CC2E804C-9C4E-4A39-A7DB-9168739DEAAA}.Debug|Any CPU.Build.0 = Debug|Any CPU
		{CC2E804C-9C4E-4A39-A7DB-9168739DEAAA}.Release|Any CPU.ActiveCfg = Release|Any CPU
		{CC2E804C-9C4E-4A39-A7DB-9168739DEAAA}.Release|Any CPU.Build.0 = Release|Any CPU
		{C18EE6FA-8B83-4039-BBCA-30C4DB6C5CAE}.Debug|Any CPU.ActiveCfg = Debug|Any CPU
		{C18EE6FA-8B83-4039-BBCA-30C4DB6C5CAE}.Debug|Any CPU.Build.0 = Debug|Any CPU
		{C18EE6FA-8B83-4039-BBCA-30C4DB6C5CAE}.Release|Any CPU.ActiveCfg = Release|Any CPU
		{C18EE6FA-8B83-4039-BBCA-30C4DB6C5CAE}.Release|Any CPU.Build.0 = Release|Any CPU
		{53569804-8138-4C13-B113-7C5E1BD4582E}.Debug|Any CPU.ActiveCfg = Debug|Any CPU
		{53569804-8138-4C13-B113-7C5E1BD4582E}.Debug|Any CPU.Build.0 = Debug|Any CPU
		{53569804-8138-4C13-B113-7C5E1BD4582E}.Release|Any CPU.ActiveCfg = Release|Any CPU
		{53569804-8138-4C13-B113-7C5E1BD4582E}.Release|Any CPU.Build.0 = Release|Any CPU
		{DFD9994B-5663-4982-BB85-60DA873215CA}.Debug|Any CPU.ActiveCfg = Debug|Any CPU
		{DFD9994B-5663-4982-BB85-60DA873215CA}.Debug|Any CPU.Build.0 = Debug|Any CPU
		{DFD9994B-5663-4982-BB85-60DA873215CA}.Release|Any CPU.ActiveCfg = Release|Any CPU
		{DFD9994B-5663-4982-BB85-60DA873215CA}.Release|Any CPU.Build.0 = Release|Any CPU
		{B3E3ED0A-0CD7-DAA2-E99C-2FC8C4915BEC}.Debug|Any CPU.ActiveCfg = Debug|Any CPU
		{B3E3ED0A-0CD7-DAA2-E99C-2FC8C4915BEC}.Debug|Any CPU.Build.0 = Debug|Any CPU
		{B3E3ED0A-0CD7-DAA2-E99C-2FC8C4915BEC}.Release|Any CPU.ActiveCfg = Release|Any CPU
		{B3E3ED0A-0CD7-DAA2-E99C-2FC8C4915BEC}.Release|Any CPU.Build.0 = Release|Any CPU
	EndGlobalSection
	GlobalSection(SolutionProperties) = preSolution
		HideSolutionNode = FALSE
	EndGlobalSection
	GlobalSection(ExtensibilityGlobals) = postSolution
		SolutionGuid = {0BE1D164-6B12-43FF-B8D4-98190B35769A}
	EndGlobalSection
EndGlobal
